
Microsoft Visual Studio Solution File, Format Version 12.00
# Visual Studio Version 17
VisualStudioVersion = 17.12.35527.113
MinimumVisualStudioVersion = 10.0.40219.1
Project("{FAE04EC0-301F-11D3-BF4B-00C04F79EFBC}") = "URLShortener.Frontend", "URLShortener.Frontend\URLShortener.Frontend.csproj", "{11D13237-3326-44E4-BC06-E08060B2E8D6}"
EndProject
Project("{FAE04EC0-301F-11D3-BF4B-00C04F79EFBC}") = "URLShortener.Auth", "URLShortener.Auth\URLShortener.Auth.csproj", "{9E37DC97-9048-4609-85B2-624A6E6F5A95}"
EndProject
Project("{FAE04EC0-301F-11D3-BF4B-00C04F79EFBC}") = "URLShortener.ApiGateway", "URLShortener.ApiGateway\URLShortener.ApiGateway.csproj", "{BB9C7CFC-657B-43C2-AAA6-91F239F761E6}"
EndProject
Project("{FAE04EC0-301F-11D3-BF4B-00C04F79EFBC}") = "URLShortener.Backend", "URLShortener.Backend\URLShortener.Backend.csproj", "{47AD2FF4-D17B-42EF-8A39-1CF0A6F95C45}"
EndProject
Project("{2150E333-8FDC-42A3-9474-1A3956D46DE8}") = "Solution Items", "Solution Items", "{49D8A46B-5BF2-4384-A610-D023E7FA42EA}"
	ProjectSection(SolutionItems) = preProject
		.editorconfig = .editorconfig
	EndProjectSection
EndProject
Global
	GlobalSection(SolutionConfigurationPlatforms) = preSolution
		Debug|Any CPU = Debug|Any CPU
		Release|Any CPU = Release|Any CPU
	EndGlobalSection
	GlobalSection(ProjectConfigurationPlatforms) = postSolution
		{11D13237-3326-44E4-BC06-E08060B2E8D6}.Debug|Any CPU.ActiveCfg = Debug|Any CPU
		{11D13237-3326-44E4-BC06-E08060B2E8D6}.Debug|Any CPU.Build.0 = Debug|Any CPU
		{11D13237-3326-44E4-BC06-E08060B2E8D6}.Release|Any CPU.ActiveCfg = Release|Any CPU
		{11D13237-3326-44E4-BC06-E08060B2E8D6}.Release|Any CPU.Build.0 = Release|Any CPU
		{9E37DC97-9048-4609-85B2-624A6E6F5A95}.Debug|Any CPU.ActiveCfg = Debug|Any CPU
		{9E37DC97-9048-4609-85B2-624A6E6F5A95}.Debug|Any CPU.Build.0 = Debug|Any CPU
		{9E37DC97-9048-4609-85B2-624A6E6F5A95}.Release|Any CPU.ActiveCfg = Release|Any CPU
		{9E37DC97-9048-4609-85B2-624A6E6F5A95}.Release|Any CPU.Build.0 = Release|Any CPU
		{BB9C7CFC-657B-43C2-AAA6-91F239F761E6}.Debug|Any CPU.ActiveCfg = Debug|Any CPU
		{BB9C7CFC-657B-43C2-AAA6-91F239F761E6}.Debug|Any CPU.Build.0 = Debug|Any CPU
		{BB9C7CFC-657B-43C2-AAA6-91F239F761E6}.Release|Any CPU.ActiveCfg = Release|Any CPU
		{BB9C7CFC-657B-43C2-AAA6-91F239F761E6}.Release|Any CPU.Build.0 = Release|Any CPU
		{47AD2FF4-D17B-42EF-8A39-1CF0A6F95C45}.Debug|Any CPU.ActiveCfg = Debug|Any CPU
		{47AD2FF4-D17B-42EF-8A39-1CF0A6F95C45}.Debug|Any CPU.Build.0 = Debug|Any CPU
		{47AD2FF4-D17B-42EF-8A39-1CF0A6F95C45}.Release|Any CPU.ActiveCfg = Release|Any CPU
		{47AD2FF4-D17B-42EF-8A39-1CF0A6F95C45}.Release|Any CPU.Build.0 = Release|Any CPU
	EndGlobalSection
	GlobalSection(SolutionProperties) = preSolution
		HideSolutionNode = FALSE
	EndGlobalSection
EndGlobal
